// !$*UTF8*$!
{
	archiveVersion = 1;
	classes = {
	};
	objectVersion = 50;
	objects = {

/* Begin PBXBuildFile section */
		23F12A242477B155000B35A6 /* AppDelegate.swift in Sources */ = {isa = PBXBuildFile; fileRef = 23F12A232477B155000B35A6 /* AppDelegate.swift */; };
		23F12A262477B155000B35A6 /* SceneDelegate.swift in Sources */ = {isa = PBXBuildFile; fileRef = 23F12A252477B155000B35A6 /* SceneDelegate.swift */; };
		23F12A282477B155000B35A6 /* ViewController.swift in Sources */ = {isa = PBXBuildFile; fileRef = 23F12A272477B155000B35A6 /* ViewController.swift */; };
		23F12A2B2477B155000B35A6 /* Main.storyboard in Resources */ = {isa = PBXBuildFile; fileRef = 23F12A292477B155000B35A6 /* Main.storyboard */; };
		23F12A2D2477B15D000B35A6 /* Assets.xcassets in Resources */ = {isa = PBXBuildFile; fileRef = 23F12A2C2477B15D000B35A6 /* Assets.xcassets */; };
		23F12A302477B15D000B35A6 /* LaunchScreen.storyboard in Resources */ = {isa = PBXBuildFile; fileRef = 23F12A2E2477B15D000B35A6 /* LaunchScreen.storyboard */; };
		23F12A382477C7E0000B35A6 /* SqueezeNet.mlmodel in Sources */ = {isa = PBXBuildFile; fileRef = 23F12A372477C7E0000B35A6 /* SqueezeNet.mlmodel */; };
		23F12A3A2477D353000B35A6 /* Resnet50.mlmodel in Sources */ = {isa = PBXBuildFile; fileRef = 23F12A392477D352000B35A6 /* Resnet50.mlmodel */; };
/* End PBXBuildFile section */

/* Begin PBXFileReference section */
		23F12A202477B155000B35A6 /* MLCore.app */ = {isa = PBXFileReference; explicitFileType = wrapper.application; includeInIndex = 0; path = MLCore.app; sourceTree = BUILT_PRODUCTS_DIR; };
		23F12A232477B155000B35A6 /* AppDelegate.swift */ = {isa = PBXFileReference; lastKnownFileType = sourcecode.swift; path = AppDelegate.swift; sourceTree = "<group>"; };
		23F12A252477B155000B35A6 /* SceneDelegate.swift */ = {isa = PBXFileReference; lastKnownFileType = sourcecode.swift; path = SceneDelegate.swift; sourceTree = "<group>"; };
		23F12A272477B155000B35A6 /* ViewController.swift */ = {isa = PBXFileReference; lastKnownFileType = sourcecode.swift; path = ViewController.swift; sourceTree = "<group>"; };
		23F12A2A2477B155000B35A6 /* Base */ = {isa = PBXFileReference; lastKnownFileType = file.storyboard; name = Base; path = Base.lproj/Main.storyboard; sourceTree = "<group>"; };
		23F12A2C2477B15D000B35A6 /* Assets.xcassets */ = {isa = PBXFileReference; lastKnownFileType = folder.assetcatalog; path = Assets.xcassets; sourceTree = "<group>"; };
		23F12A2F2477B15D000B35A6 /* Base */ = {isa = PBXFileReference; lastKnownFileType = file.storyboard; name = Base; path = Base.lproj/LaunchScreen.storyboard; sourceTree = "<group>"; };
		23F12A312477B15D000B35A6 /* Info.plist */ = {isa = PBXFileReference; lastKnownFileType = text.plist.xml; path = Info.plist; sourceTree = "<group>"; };
		23F12A372477C7E0000B35A6 /* SqueezeNet.mlmodel */ = {isa = PBXFileReference; lastKnownFileType = file.mlmodel; path = SqueezeNet.mlmodel; sourceTree = "<group>"; };
		23F12A392477D352000B35A6 /* Resnet50.mlmodel */ = {isa = PBXFileReference; lastKnownFileType = file.mlmodel; path = Resnet50.mlmodel; sourceTree = "<group>"; };
/* End PBXFileReference section */

/* Begin PBXFrameworksBuildPhase section */
		23F12A1D2477B155000B35A6 /* Frameworks */ = {
			isa = PBXFrameworksBuildPhase;
			buildActionMask = 2147483647;
			files = (
			);
			runOnlyForDeploymentPostprocessing = 0;
		};
/* End PBXFrameworksBuildPhase section */

/* Begin PBXGroup section */
		23F12A172477B155000B35A6 = {
			isa = PBXGroup;
			children = (
				23F12A222477B155000B35A6 /* MLCore */,
				23F12A212477B155000B35A6 /* Products */,
			);
			sourceTree = "<group>";
		};
		23F12A212477B155000B35A6 /* Products */ = {
			isa = PBXGroup;
			children = (
				23F12A202477B155000B35A6 /* MLCore.app */,
			);
			name = Products;
			sourceTree = "<group>";
		};
		23F12A222477B155000B35A6 /* MLCore */ = {
			isa = PBXGroup;
			children = (
				23F12A232477B155000B35A6 /* AppDelegate.swift */,
				23F12A252477B155000B35A6 /* SceneDelegate.swift */,
				23F12A272477B155000B35A6 /* ViewController.swift */,
				23F12A372477C7E0000B35A6 /* SqueezeNet.mlmodel */,
				23F12A392477D352000B35A6 /* Resnet50.mlmodel */,
				23F12A292477B155000B35A6 /* Main.storyboard */,
				23F12A2C2477B15D000B35A6 /* Assets.xcassets */,
				23F12A2E2477B15D000B35A6 /* LaunchScreen.storyboard */,
				23F12A312477B15D000B35A6 /* Info.plist */,
			);
			path = MLCore;
			sourceTree = "<group>";
		};
/* End PBXGroup section */

/* Begin PBXNativeTarget section */
		23F12A1F2477B155000B35A6 /* MLCore */ = {
			isa = PBXNativeTarget;
			buildConfigurationList = 23F12A342477B15D000B35A6 /* Build configuration list for PBXNativeTarget "MLCore" */;
			buildPhases = (
				23F12A1C2477B155000B35A6 /* Sources */,
				23F12A1D2477B155000B35A6 /* Frameworks */,
				23F12A1E2477B155000B35A6 /* Resources */,
			);
			buildRules = (
			);
			dependencies = (
			);
			name = MLCore;
			productName = MLCore;
			productReference = 23F12A202477B155000B35A6 /* MLCore.app */;
			productType = "com.apple.product-type.application";
		};
/* End PBXNativeTarget section */

/* Begin PBXProject section */
		23F12A182477B155000B35A6 /* Project object */ = {
			isa = PBXProject;
			attributes = {
				LastSwiftUpdateCheck = 1140;
				LastUpgradeCheck = 1140;
				ORGANIZATIONNAME = "Dynamite Games #1";
				TargetAttributes = {
					23F12A1F2477B155000B35A6 = {
						CreatedOnToolsVersion = 11.4.1;
					};
				};
			};
			buildConfigurationList = 23F12A1B2477B155000B35A6 /* Build configuration list for PBXProject "MLCore" */;
			compatibilityVersion = "Xcode 9.3";
			developmentRegion = en;
			hasScannedForEncodings = 0;
			knownRegions = (
				en,
				Base,
			);
			mainGroup = 23F12A172477B155000B35A6;
			productRefGroup = 23F12A212477B155000B35A6 /* Products */;
			projectDirPath = "";
			projectRoot = "";
			targets = (
				23F12A1F2477B155000B35A6 /* MLCore */,
			);
		};
/* End PBXProject section */

/* Begin PBXResourcesBuildPhase section */
		23F12A1E2477B155000B35A6 /* Resources */ = {
			isa = PBXResourcesBuildPhase;
			buildActionMask = 2147483647;
			files = (
				23F12A302477B15D000B35A6 /* LaunchScreen.storyboard in Resources */,
				23F12A2D2477B15D000B35A6 /* Assets.xcassets in Resources */,
				23F12A2B2477B155000B35A6 /* Main.storyboard in Resources */,
			);
			runOnlyForDeploymentPostprocessing = 0;
		};
/* End PBXResourcesBuildPhase section */

/* Begin PBXSourcesBuildPhase section */
		23F12A1C2477B155000B35A6 /* Sources */ = {
			isa = PBXSourcesBuildPhase;
			buildActionMask = 2147483647;
			files = (
				23F12A3A2477D353000B35A6 /* Resnet50.mlmodel in Sources */,
				23F12A282477B155000B35A6 /* ViewController.swift in Sources */,
				23F12A242477B155000B35A6 /* AppDelegate.swift in Sources */,
				23F12A262477B155000B35A6 /* SceneDelegate.swift in Sources */,
				23F12A382477C7E0000B35A6 /* SqueezeNet.mlmodel in Sources */,
			);
			runOnlyForDeploymentPostprocessing = 0;
		};
/* End PBXSourcesBuildPhase section */

/* Begin PBXVariantGroup section */
		23F12A292477B155000B35A6 /* Main.storyboard */ = {
			isa = PBXVariantGroup;
			children = (
				23F12A2A2477B155000B35A6 /* Base */,
			);
			name = Main.storyboard;
			sourceTree = "<group>";
		};
		23F12A2E2477B15D000B35A6 /* LaunchScreen.storyboard */ = {
			isa = PBXVariantGroup;
			children = (
				23F12A2F2477B15D000B35A6 /* Base */,
			);
			name = LaunchScreen.storyboard;
			sourceTree = "<group>";
		};
/* End PBXVariantGroup section */

/* Begin XCBuildConfiguration section */
		23F12A322477B15D000B35A6 /* Debug */ = {
			isa = XCBuildConfiguration;
			buildSettings = {
				ALWAYS_SEARCH_USER_PATHS = NO;
				CLANG_ANALYZER_NONNULL = YES;
				CLANG_ANALYZER_NUMBER_OBJECT_CONVERSION = YES_AGGRESSIVE;
				CLANG_CXX_LANGUAGE_STANDARD = "gnu++14";
				CLANG_CXX_LIBRARY = "libc++";
				CLANG_ENABLE_MODULES = YES;
				CLANG_ENABLE_OBJC_ARC = YES;
				CLANG_ENABLE_OBJC_WEAK = YES;
				CLANG_WARN_BLOCK_CAPTURE_AUTORELEASING = YES;
				CLANG_WARN_BOOL_CONVERSION = YES;
				CLANG_WARN_COMMA = YES;
				CLANG_WARN_CONSTANT_CONVERSION = YES;
				CLANG_WARN_DEPRECATED_OBJC_IMPLEMENTATIONS = YES;
				CLANG_WARN_DIRECT_OBJC_ISA_USAGE = YES_ERROR;
				CLANG_WARN_DOCUMENTATION_COMMENTS = YES;
				CLANG_WARN_EMPTY_BODY = YES;
				CLANG_WARN_ENUM_CONVERSION = YES;
				CLANG_WARN_INFINITE_RECURSION = YES;
				CLANG_WARN_INT_CONVERSION = YES;
				CLANG_WARN_NON_LITERAL_NULL_CONVERSION = YES;
				CLANG_WARN_OBJC_IMPLICIT_RETAIN_SELF = YES;
				CLANG_WARN_OBJC_LITERAL_CONVERSION = YES;
				CLANG_WARN_OBJC_ROOT_CLASS = YES_ERROR;
				CLANG_WARN_RANGE_LOOP_ANALYSIS = YES;
				CLANG_WARN_STRICT_PROTOTYPES = YES;
				CLANG_WARN_SUSPICIOUS_MOVE = YES;
				CLANG_WARN_UNGUARDED_AVAILABILITY = YES_AGGRESSIVE;
				CLANG_WARN_UNREACHABLE_CODE = YES;
				CLANG_WARN__DUPLICATE_METHOD_MATCH = YES;
				COPY_PHASE_STRIP = NO;
				DEBUG_INFORMATION_FORMAT = dwarf;
				ENABLE_STRICT_OBJC_MSGSEND = YES;
				ENABLE_TESTABILITY = YES;
				GCC_C_LANGUAGE_STANDARD = gnu11;
				GCC_DYNAMIC_NO_PIC = NO;
				GCC_NO_COMMON_BLOCKS = YES;
				GCC_OPTIMIZATION_LEVEL = 0;
				GCC_PREPROCESSOR_DEFINITIONS = (
					"DEBUG=1",
					"$(inherited)",
				);
				GCC_WARN_64_TO_32_BIT_CONVERSION = YES;
				GCC_WARN_ABOUT_RETURN_TYPE = YES_ERROR;
				GCC_WARN_UNDECLARED_SELECTOR = YES;
				GCC_WARN_UNINITIALIZED_AUTOS = YES_AGGRESSIVE;
				GCC_WARN_UNUSED_FUNCTION = YES;
				GCC_WARN_UNUSED_VARIABLE = YES;
				IPHONEOS_DEPLOYMENT_TARGET = 11.0;
				MTL_ENABLE_DEBUG_INFO = INCLUDE_SOURCE;
				MTL_FAST_MATH = YES;
				ONLY_ACTIVE_ARCH = YES;
				SDKROOT = iphoneos;
				SWIFT_ACTIVE_COMPILATION_CONDITIONS = DEBUG;
				SWIFT_OPTIMIZATION_LEVEL = "-Onone";
			};
			name = Debug;
		};
		23F12A332477B15D000B35A6 /* Release */ = {
			isa = XCBuildConfiguration;
			buildSettings = {
				ALWAYS_SEARCH_USER_PATHS = NO;
				CLANG_ANALYZER_NONNULL = YES;
				CLANG_ANALYZER_NUMBER_OBJECT_CONVERSION = YES_AGGRESSIVE;
				CLANG_CXX_LANGUAGE_STANDARD = "gnu++14";
				CLANG_CXX_LIBRARY = "libc++";
				CLANG_ENABLE_MODULES = YES;
				CLANG_ENABLE_OBJC_ARC = YES;
				CLANG_ENABLE_OBJC_WEAK = YES;
				CLANG_WARN_BLOCK_CAPTURE_AUTORELEASING = YES;
				CLANG_WARN_BOOL_CONVERSION = YES;
				CLANG_WARN_COMMA = YES;
				CLANG_WARN_CONSTANT_CONVERSION = YES;
				CLANG_WARN_DEPRECATED_OBJC_IMPLEMENTATIONS = YES;
				CLANG_WARN_DIRECT_OBJC_ISA_USAGE = YES_ERROR;
				CLANG_WARN_DOCUMENTATION_COMMENTS = YES;
				CLANG_WARN_EMPTY_BODY = YES;
				CLANG_WARN_ENUM_CONVERSION = YES;
				CLANG_WARN_INFINITE_RECURSION = YES;
				CLANG_WARN_INT_CONVERSION = YES;
				CLANG_WARN_NON_LITERAL_NULL_CONVERSION = YES;
				CLANG_WARN_OBJC_IMPLICIT_RETAIN_SELF = YES;
				CLANG_WARN_OBJC_LITERAL_CONVERSION = YES;
				CLANG_WARN_OBJC_ROOT_CLASS = YES_ERROR;
				CLANG_WARN_RANGE_LOOP_ANALYSIS = YES;
				CLANG_WARN_STRICT_PROTOTYPES = YES;
				CLANG_WARN_SUSPICIOUS_MOVE = YES;
				CLANG_WARN_UNGUARDED_AVAILABILITY = YES_AGGRESSIVE;
				CLANG_WARN_UNREACHABLE_CODE = YES;
				CLANG_WARN__DUPLICATE_METHOD_MATCH = YES;
				COPY_PHASE_STRIP = NO;
				DEBUG_INFORMATION_FORMAT = "dwarf-with-dsym";
				ENABLE_NS_ASSERTIONS = NO;
				ENABLE_STRICT_OBJC_MSGSEND = YES;
				GCC_C_LANGUAGE_STANDARD = gnu11;
				GCC_NO_COMMON_BLOCKS = YES;
				GCC_WARN_64_TO_32_BIT_CONVERSION = YES;
				GCC_WARN_ABOUT_RETURN_TYPE = YES_ERROR;
				GCC_WARN_UNDECLARED_SELECTOR = YES;
				GCC_WARN_UNINITIALIZED_AUTOS = YES_AGGRESSIVE;
				GCC_WARN_UNUSED_FUNCTION = YES;
				GCC_WARN_UNUSED_VARIABLE = YES;
				IPHONEOS_DEPLOYMENT_TARGET = 11.0;
				MTL_ENABLE_DEBUG_INFO = NO;
				MTL_FAST_MATH = YES;
				SDKROOT = iphoneos;
				SWIFT_COMPILATION_MODE = wholemodule;
				SWIFT_OPTIMIZATION_LEVEL = "-O";
				VALIDATE_PRODUCT = YES;
			};
			name = Release;
		};
		23F12A352477B15D000B35A6 /* Debug */ = {
			isa = XCBuildConfiguration;
			buildSettings = {
				ASSETCATALOG_COMPILER_APPICON_NAME = AppIcon;
				CODE_SIGN_STYLE = Automatic;
				DEVELOPMENT_TEAM = 9M9YHV296T;
				INFOPLIST_FILE = MLCore/Info.plist;
				LD_RUNPATH_SEARCH_PATHS = (
					"$(inherited)",
					"@executable_path/Frameworks",
				);
				PRODUCT_BUNDLE_IDENTIFIER = com.Projects.MLCore;
				PRODUCT_NAME = "$(TARGET_NAME)";
				SWIFT_VERSION = 5.0;
				TARGETED_DEVICE_FAMILY = "1,2";
			};
			name = Debug;
		};
		23F12A362477B15D000B35A6 /* Release */ = {
			isa = XCBuildConfiguration;
			buildSettings = {
				ASSETCATALOG_COMPILER_APPICON_NAME = AppIcon;
				CODE_SIGN_STYLE = Automatic;
				DEVELOPMENT_TEAM = 9M9YHV296T;
				INFOPLIST_FILE = MLCore/Info.plist;
				LD_RUNPATH_SEARCH_PATHS = (
					"$(inherited)",
					"@executable_path/Frameworks",
				);
				PRODUCT_BUNDLE_IDENTIFIER = com.Projects.MLCore;
				PRODUCT_NAME = "$(TARGET_NAME)";
				SWIFT_VERSION = 5.0;
				TARGETED_DEVICE_FAMILY = "1,2";
			};
			name = Release;
		};
/* End XCBuildConfiguration section */

/* Begin XCConfigurationList section */
		23F12A1B2477B155000B35A6 /* Build configuration list for PBXProject "MLCore" */ = {
			isa = XCConfigurationList;
			buildConfigurations = (
				23F12A322477B15D000B35A6 /* Debug */,
				23F12A332477B15D000B35A6 /* Release */,
			);
			defaultConfigurationIsVisible = 0;
			defaultConfigurationName = Release;
		};
		23F12A342477B15D000B35A6 /* Build configuration list for PBXNativeTarget "MLCore" */ = {
			isa = XCConfigurationList;
			buildConfigurations = (
				23F12A352477B15D000B35A6 /* Debug */,
				23F12A362477B15D000B35A6 /* Release */,
			);
			defaultConfigurationIsVisible = 0;
			defaultConfigurationName = Release;
		};
/* End XCConfigurationList section */
	};
	rootObject = 23F12A182477B155000B35A6 /* Project object */;
}
